<?xml version="1.0" encoding="utf-8"?>
<Project ToolsVersion="4.0" xmlns="http://schemas.microsoft.com/developer/msbuild/2003">
  <ItemGroup>
    <Filter Include="Fichiers sources">
      <UniqueIdentifier>{4FC737F1-C7A5-4376-A066-2A32D752A2FF}</UniqueIdentifier>
      <Extensions>cpp;c;cc;cxx;c++;cppm;ixx;def;odl;idl;hpj;bat;asm;asmx</Extensions>
    </Filter>
    <Filter Include="Fichiers d%27en-tête">
      <UniqueIdentifier>{93995380-89BD-4b04-88EB-625FBE52EBFB}</UniqueIdentifier>
      <Extensions>h;hh;hpp;hxx;h++;hm;inl;inc;ipp;xsd</Extensions>
    </Filter>
    <Filter Include="Fichiers de ressources">
      <UniqueIdentifier>{67DA6AB6-F800-4c08-8B7A-83BB121AAD01}</UniqueIdentifier>
      <Extensions>rc;ico;cur;bmp;dlg;rc2;rct;bin;rgs;gif;jpg;jpeg;jpe;resx;tiff;tif;png;wav;mfcribbon-ms</Extensions>
    </Filter>
    <Filter Include="Fichiers sources\imgui">
      <UniqueIdentifier>{aa20f76f-a23a-45c0-b662-a1da4c48b617}</UniqueIdentifier>
    </Filter>
    <Filter Include="Fichiers d%27en-tête\imgui">
      <UniqueIdentifier>{2d9a1c36-9a83-4ee0-9e99-0f48b2cb7c5a}</UniqueIdentifier>
    </Filter>
    <Filter Include="Fichiers sources\imgui\sfml">
      <UniqueIdentifier>{a1fb2b1a-d89e-423c-b08a-a5d26a73e3ab}</UniqueIdentifier>
    </Filter>
    <Filter Include="Fichiers d%27en-tête\imgui\sfml">
      <UniqueIdentifier>{0edd9ae8-ac2e-4441-84de-bd6cf780452f}</UniqueIdentifier>
    </Filter>
    <Filter Include="Fichiers d%27en-tête\run">
      <UniqueIdentifier>{57a92621-435a-4539-92ec-ecbc1759876d}</UniqueIdentifier>
    </Filter>
    <Filter Include="Fichiers sources\run">
      <UniqueIdentifier>{ad7ca300-ac8d-4f66-bc94-6adf14fed574}</UniqueIdentifier>
    </Filter>
    <Filter Include="Fichiers d%27en-tête\engine">
      <UniqueIdentifier>{6b0f6388-a9df-481c-91f4-060dd1bb80a7}</UniqueIdentifier>
    </Filter>
    <Filter Include="Fichiers sources\engine">
      <UniqueIdentifier>{6c548adb-d023-4cfc-b5db-e715508ed7ad}</UniqueIdentifier>
    </Filter>
  </ItemGroup>
  <ItemGroup>
    <ClCompile Include="imgui.cpp">
      <Filter>Fichiers sources\imgui</Filter>
    </ClCompile>
    <ClCompile Include="imgui_demo.cpp">
      <Filter>Fichiers sources\imgui</Filter>
    </ClCompile>
    <ClCompile Include="imgui_draw.cpp">
      <Filter>Fichiers sources\imgui</Filter>
    </ClCompile>
    <ClCompile Include="imgui_tables.cpp">
      <Filter>Fichiers sources\imgui</Filter>
    </ClCompile>
    <ClCompile Include="imgui_widgets.cpp">
      <Filter>Fichiers sources\imgui</Filter>
    </ClCompile>
    <ClCompile Include="imgui-SFML.cpp">
      <Filter>Fichiers sources\imgui\sfml</Filter>
    </ClCompile>
    <ClCompile Include="main.cpp">
      <Filter>Fichiers sources\run</Filter>
    </ClCompile>
    <ClCompile Include="core.cpp">
      <Filter>Fichiers sources\run</Filter>
    </ClCompile>
    <ClCompile Include="tile.cpp">
      <Filter>Fichiers sources\engine</Filter>
    </ClCompile>
    <ClCompile Include="grid.cpp">
      <Filter>Fichiers sources\engine</Filter>
    </ClCompile>
  </ItemGroup>
  <ItemGroup>
    <ClInclude Include="include\imgui-sfml\imconfig-SFML.h">
      <Filter>Fichiers d%27en-tête\imgui\sfml</Filter>
    </ClInclude>
    <ClInclude Include="include\imgui-sfml\imgui-SFML.h">
      <Filter>Fichiers d%27en-tête\imgui\sfml</Filter>
    </ClInclude>
    <ClInclude Include="include\imgui-sfml\imgui-SFML_export.h">
      <Filter>Fichiers d%27en-tête\imgui\sfml</Filter>
    </ClInclude>
    <ClInclude Include="include\imgui\imconfig.h">
      <Filter>Fichiers d%27en-tête\imgui</Filter>
    </ClInclude>
    <ClInclude Include="include\imgui\imgui.h">
      <Filter>Fichiers d%27en-tête\imgui</Filter>
    </ClInclude>
    <ClInclude Include="include\imgui\imgui_internal.h">
      <Filter>Fichiers d%27en-tête\imgui</Filter>
    </ClInclude>
    <ClInclude Include="include\imgui\imstb_rectpack.h">
      <Filter>Fichiers d%27en-tête\imgui</Filter>
    </ClInclude>
    <ClInclude Include="include\imgui\imstb_textedit.h">
      <Filter>Fichiers d%27en-tête\imgui</Filter>
    </ClInclude>
    <ClInclude Include="include\imgui\imstb_truetype.h">
      <Filter>Fichiers d%27en-tête\imgui</Filter>
    </ClInclude>
    <ClInclude Include="core.h">
      <Filter>Fichiers d%27en-tête\run</Filter>
    </ClInclude>
    <ClInclude Include="grid.h">
      <Filter>Fichiers d%27en-tête\engine</Filter>
    </ClInclude>
    <ClInclude Include="tile.h">
      <Filter>Fichiers d%27en-tête\engine</Filter>
    </ClInclude>
  </ItemGroup>
</Project>